// !$*UTF8*$!
{
	archiveVersion = 1;
	classes = {
	};
	objectVersion = 45;
	objects = {

/* Begin PBXBuildFile section */
		1D3623260D0F684500981E51 /* UIDevice_extensionAppDelegate.m in Sources */ = {isa = PBXBuildFile; fileRef = 1D3623250D0F684500981E51 /* UIDevice_extensionAppDelegate.m */; };
		1D60589B0D05DD56006BFB54 /* main.m in Sources */ = {isa = PBXBuildFile; fileRef = 29B97316FDCFA39411CA2CEA /* main.m */; };
		1D60589F0D05DD5A006BFB54 /* Foundation.framework in Frameworks */ = {isa = PBXBuildFile; fileRef = 1D30AB110D05D00D00671497 /* Foundation.framework */; };
		1DF5F4E00D08C38300B7A737 /* UIKit.framework in Frameworks */ = {isa = PBXBuildFile; fileRef = 1DF5F4DF0D08C38300B7A737 /* UIKit.framework */; };
		288765A50DF7441C002DB57D /* CoreGraphics.framework in Frameworks */ = {isa = PBXBuildFile; fileRef = 288765A40DF7441C002DB57D /* CoreGraphics.framework */; };
		2899E5220DE3E06400AC0155 /* UIDevice_extensionViewController.xib in Resources */ = {isa = PBXBuildFile; fileRef = 2899E5210DE3E06400AC0155 /* UIDevice_extensionViewController.xib */; };
		28AD733F0D9D9553002E5188 /* MainWindow.xib in Resources */ = {isa = PBXBuildFile; fileRef = 28AD733E0D9D9553002E5188 /* MainWindow.xib */; };
		5A4B71C6121D1E1F00E12DE5 /* IOKit.framework in Frameworks */ = {isa = PBXBuildFile; fileRef = 5A4B71C5121D1E1F00E12DE5 /* IOKit.framework */; };
		5A4B71EB121D216400E12DE5 /* CapabilityListView.xib in Resources */ = {isa = PBXBuildFile; fileRef = 5A4B71EA121D216400E12DE5 /* CapabilityListView.xib */; };
		5A4B71EF121D218D00E12DE5 /* CapabilityListViewController.m in Sources */ = {isa = PBXBuildFile; fileRef = 5A4B71EE121D218D00E12DE5 /* CapabilityListViewController.m */; };
		5AB69E19121BEAF6007CDE33 /* UIDevice-Hardware.m in Sources */ = {isa = PBXBuildFile; fileRef = 5AB69E12121BEAF6007CDE33 /* UIDevice-Hardware.m */; };
		5AB69E1A121BEAF6007CDE33 /* UIDevice-IOKitExtensions.m in Sources */ = {isa = PBXBuildFile; fileRef = 5AB69E14121BEAF6007CDE33 /* UIDevice-IOKitExtensions.m */; };
		5AB69E1B121BEAF6007CDE33 /* UIDevice-Orientation.m in Sources */ = {isa = PBXBuildFile; fileRef = 5AB69E16121BEAF6007CDE33 /* UIDevice-Orientation.m */; };
		5AB69E1C121BEAF6007CDE33 /* UIDevice-Reachability.m in Sources */ = {isa = PBXBuildFile; fileRef = 5AB69E18121BEAF6007CDE33 /* UIDevice-Reachability.m */; };
		5AB69E20121BEB3C007CDE33 /* wwanconnect.c in Sources */ = {isa = PBXBuildFile; fileRef = 5AB69E1E121BEB3C007CDE33 /* wwanconnect.c */; };
		5AB69E4C121BEBE4007CDE33 /* UIDevice_extensionViewController.m in Sources */ = {isa = PBXBuildFile; fileRef = 5AB69E4B121BEBE4007CDE33 /* UIDevice_extensionViewController.m */; };
		5AB69E52121BEC2F007CDE33 /* SystemConfiguration.framework in Frameworks */ = {isa = PBXBuildFile; fileRef = 5AB69E51121BEC2F007CDE33 /* SystemConfiguration.framework */; };
/* End PBXBuildFile section */

/* Begin PBXFileReference section */
		1D30AB110D05D00D00671497 /* Foundation.framework */ = {isa = PBXFileReference; lastKnownFileType = wrapper.framework; name = Foundation.framework; path = System/Library/Frameworks/Foundation.framework; sourceTree = SDKROOT; };
		1D3623240D0F684500981E51 /* UIDevice_extensionAppDelegate.h */ = {isa = PBXFileReference; fileEncoding = 4; lastKnownFileType = sourcecode.c.h; path = UIDevice_extensionAppDelegate.h; sourceTree = "<group>"; };
		1D3623250D0F684500981E51 /* UIDevice_extensionAppDelegate.m */ = {isa = PBXFileReference; fileEncoding = 4; lastKnownFileType = sourcecode.c.objc; path = UIDevice_extensionAppDelegate.m; sourceTree = "<group>"; };
		1D6058910D05DD3D006BFB54 /* UIDevice-extension.app */ = {isa = PBXFileReference; explicitFileType = wrapper.application; includeInIndex = 0; path = "UIDevice-extension.app"; sourceTree = BUILT_PRODUCTS_DIR; };
		1DF5F4DF0D08C38300B7A737 /* UIKit.framework */ = {isa = PBXFileReference; lastKnownFileType = wrapper.framework; name = UIKit.framework; path = System/Library/Frameworks/UIKit.framework; sourceTree = SDKROOT; };
		288765A40DF7441C002DB57D /* CoreGraphics.framework */ = {isa = PBXFileReference; lastKnownFileType = wrapper.framework; name = CoreGraphics.framework; path = System/Library/Frameworks/CoreGraphics.framework; sourceTree = SDKROOT; };
		2899E5210DE3E06400AC0155 /* UIDevice_extensionViewController.xib */ = {isa = PBXFileReference; lastKnownFileType = file.xib; path = UIDevice_extensionViewController.xib; sourceTree = "<group>"; };
		28AD733E0D9D9553002E5188 /* MainWindow.xib */ = {isa = PBXFileReference; lastKnownFileType = file.xib; path = MainWindow.xib; sourceTree = "<group>"; };
		29B97316FDCFA39411CA2CEA /* main.m */ = {isa = PBXFileReference; fileEncoding = 4; lastKnownFileType = sourcecode.c.objc; path = main.m; sourceTree = "<group>"; };
		32CA4F630368D1EE00C91783 /* UIDevice_extension_Prefix.pch */ = {isa = PBXFileReference; fileEncoding = 4; lastKnownFileType = sourcecode.c.h; path = UIDevice_extension_Prefix.pch; sourceTree = "<group>"; };
		5A4B71C5121D1E1F00E12DE5 /* IOKit.framework */ = {isa = PBXFileReference; lastKnownFileType = wrapper.framework; name = IOKit.framework; path = System/Library/Frameworks/IOKit.framework; sourceTree = SDKROOT; };
		5A4B71EA121D216400E12DE5 /* CapabilityListView.xib */ = {isa = PBXFileReference; lastKnownFileType = file.xib; path = CapabilityListView.xib; sourceTree = "<group>"; };
		5A4B71ED121D218D00E12DE5 /* CapabilityListViewController.h */ = {isa = PBXFileReference; fileEncoding = 4; lastKnownFileType = sourcecode.c.h; path = CapabilityListViewController.h; sourceTree = "<group>"; };
		5A4B71EE121D218D00E12DE5 /* CapabilityListViewController.m */ = {isa = PBXFileReference; fileEncoding = 4; lastKnownFileType = sourcecode.c.objc; path = CapabilityListViewController.m; sourceTree = "<group>"; };
		5AB69E11121BEAF6007CDE33 /* UIDevice-Hardware.h */ = {isa = PBXFileReference; fileEncoding = 4; lastKnownFileType = sourcecode.c.h; name = "UIDevice-Hardware.h"; path = "uidevice-extension/UIDevice-Hardware.h"; sourceTree = "<group>"; };
		5AB69E12121BEAF6007CDE33 /* UIDevice-Hardware.m */ = {isa = PBXFileReference; fileEncoding = 4; lastKnownFileType = sourcecode.c.objc; name = "UIDevice-Hardware.m"; path = "uidevice-extension/UIDevice-Hardware.m"; sourceTree = "<group>"; };
		5AB69E13121BEAF6007CDE33 /* UIDevice-IOKitExtensions.h */ = {isa = PBXFileReference; fileEncoding = 4; lastKnownFileType = sourcecode.c.h; name = "UIDevice-IOKitExtensions.h"; path = "uidevice-extension/UIDevice-IOKitExtensions.h"; sourceTree = "<group>"; };
		5AB69E14121BEAF6007CDE33 /* UIDevice-IOKitExtensions.m */ = {isa = PBXFileReference; fileEncoding = 4; lastKnownFileType = sourcecode.c.objc; name = "UIDevice-IOKitExtensions.m"; path = "uidevice-extension/UIDevice-IOKitExtensions.m"; sourceTree = "<group>"; };
		5AB69E15121BEAF6007CDE33 /* UIDevice-Orientation.h */ = {isa = PBXFileReference; fileEncoding = 4; lastKnownFileType = sourcecode.c.h; name = "UIDevice-Orientation.h"; path = "uidevice-extension/UIDevice-Orientation.h"; sourceTree = "<group>"; };
		5AB69E16121BEAF6007CDE33 /* UIDevice-Orientation.m */ = {isa = PBXFileReference; fileEncoding = 4; lastKnownFileType = sourcecode.c.objc; name = "UIDevice-Orientation.m"; path = "uidevice-extension/UIDevice-Orientation.m"; sourceTree = "<group>"; };
		5AB69E17121BEAF6007CDE33 /* UIDevice-Reachability.h */ = {isa = PBXFileReference; fileEncoding = 4; lastKnownFileType = sourcecode.c.h; name = "UIDevice-Reachability.h"; path = "uidevice-extension/UIDevice-Reachability.h"; sourceTree = "<group>"; };
		5AB69E18121BEAF6007CDE33 /* UIDevice-Reachability.m */ = {isa = PBXFileReference; fileEncoding = 4; lastKnownFileType = sourcecode.c.objc; name = "UIDevice-Reachability.m"; path = "uidevice-extension/UIDevice-Reachability.m"; sourceTree = "<group>"; };
		5AB69E1E121BEB3C007CDE33 /* wwanconnect.c */ = {isa = PBXFileReference; fileEncoding = 4; lastKnownFileType = sourcecode.c.c; path = wwanconnect.c; sourceTree = "<group>"; };
		5AB69E1F121BEB3C007CDE33 /* wwanconnect.h */ = {isa = PBXFileReference; fileEncoding = 4; lastKnownFileType = sourcecode.c.h; path = wwanconnect.h; sourceTree = "<group>"; };
		5AB69E4A121BEBE4007CDE33 /* UIDevice_extensionViewController.h */ = {isa = PBXFileReference; fileEncoding = 4; lastKnownFileType = sourcecode.c.h; path = UIDevice_extensionViewController.h; sourceTree = "<group>"; };
		5AB69E4B121BEBE4007CDE33 /* UIDevice_extensionViewController.m */ = {isa = PBXFileReference; fileEncoding = 4; lastKnownFileType = sourcecode.c.objc; path = UIDevice_extensionViewController.m; sourceTree = "<group>"; };
		5AB69E51121BEC2F007CDE33 /* SystemConfiguration.framework */ = {isa = PBXFileReference; lastKnownFileType = wrapper.framework; name = SystemConfiguration.framework; path = System/Library/Frameworks/SystemConfiguration.framework; sourceTree = SDKROOT; };
		8D1107310486CEB800E47090 /* UIDevice_extension-Info.plist */ = {isa = PBXFileReference; fileEncoding = 4; lastKnownFileType = text.plist.xml; path = "UIDevice_extension-Info.plist"; plistStructureDefinitionIdentifier = "com.apple.xcode.plist.structure-definition.iphone.info-plist"; sourceTree = "<group>"; };
/* End PBXFileReference section */

/* Begin PBXFrameworksBuildPhase section */
		1D60588F0D05DD3D006BFB54 /* Frameworks */ = {
			isa = PBXFrameworksBuildPhase;
			buildActionMask = 2147483647;
			files = (
				1D60589F0D05DD5A006BFB54 /* Foundation.framework in Frameworks */,
				1DF5F4E00D08C38300B7A737 /* UIKit.framework in Frameworks */,
				288765A50DF7441C002DB57D /* CoreGraphics.framework in Frameworks */,
				5AB69E52121BEC2F007CDE33 /* SystemConfiguration.framework in Frameworks */,
				5A4B71C6121D1E1F00E12DE5 /* IOKit.framework in Frameworks */,
			);
			runOnlyForDeploymentPostprocessing = 0;
		};
/* End PBXFrameworksBuildPhase section */

/* Begin PBXGroup section */
		080E96DDFE201D6D7F000001 /* Classes */ = {
			isa = PBXGroup;
			children = (
				5AB69E10121BEADF007CDE33 /* UIDevice extension */,
				1D3623240D0F684500981E51 /* UIDevice_extensionAppDelegate.h */,
				1D3623250D0F684500981E51 /* UIDevice_extensionAppDelegate.m */,
				5AB69E4A121BEBE4007CDE33 /* UIDevice_extensionViewController.h */,
				5AB69E4B121BEBE4007CDE33 /* UIDevice_extensionViewController.m */,
				5A4B71ED121D218D00E12DE5 /* CapabilityListViewController.h */,
				5A4B71EE121D218D00E12DE5 /* CapabilityListViewController.m */,
			);
			path = Classes;
			sourceTree = "<group>";
		};
		19C28FACFE9D520D11CA2CBB /* Products */ = {
			isa = PBXGroup;
			children = (
				1D6058910D05DD3D006BFB54 /* UIDevice-extension.app */,
			);
			name = Products;
			sourceTree = "<group>";
		};
		29B97314FDCFA39411CA2CEA /* CustomTemplate */ = {
			isa = PBXGroup;
			children = (
				080E96DDFE201D6D7F000001 /* Classes */,
				29B97315FDCFA39411CA2CEA /* Other Sources */,
				29B97317FDCFA39411CA2CEA /* Resources */,
				29B97323FDCFA39411CA2CEA /* Frameworks */,
				19C28FACFE9D520D11CA2CBB /* Products */,
			);
			name = CustomTemplate;
			sourceTree = "<group>";
		};
		29B97315FDCFA39411CA2CEA /* Other Sources */ = {
			isa = PBXGroup;
			children = (
				32CA4F630368D1EE00C91783 /* UIDevice_extension_Prefix.pch */,
				29B97316FDCFA39411CA2CEA /* main.m */,
			);
			name = "Other Sources";
			sourceTree = "<group>";
		};
		29B97317FDCFA39411CA2CEA /* Resources */ = {
			isa = PBXGroup;
			children = (
				2899E5210DE3E06400AC0155 /* UIDevice_extensionViewController.xib */,
				28AD733E0D9D9553002E5188 /* MainWindow.xib */,
				8D1107310486CEB800E47090 /* UIDevice_extension-Info.plist */,
				5A4B71EA121D216400E12DE5 /* CapabilityListView.xib */,
			);
			name = Resources;
			sourceTree = "<group>";
		};
		29B97323FDCFA39411CA2CEA /* Frameworks */ = {
			isa = PBXGroup;
			children = (
				5A4B71C5121D1E1F00E12DE5 /* IOKit.framework */,
				1DF5F4DF0D08C38300B7A737 /* UIKit.framework */,
				1D30AB110D05D00D00671497 /* Foundation.framework */,
				288765A40DF7441C002DB57D /* CoreGraphics.framework */,
				5AB69E51121BEC2F007CDE33 /* SystemConfiguration.framework */,
			);
			name = Frameworks;
			sourceTree = "<group>";
		};
		5AB69E10121BEADF007CDE33 /* UIDevice extension */ = {
			isa = PBXGroup;
			children = (
				5AB69E1D121BEB3C007CDE33 /* Apple Sample Code */,
				5AB69E11121BEAF6007CDE33 /* UIDevice-Hardware.h */,
				5AB69E12121BEAF6007CDE33 /* UIDevice-Hardware.m */,
				5AB69E13121BEAF6007CDE33 /* UIDevice-IOKitExtensions.h */,
				5AB69E14121BEAF6007CDE33 /* UIDevice-IOKitExtensions.m */,
				5AB69E15121BEAF6007CDE33 /* UIDevice-Orientation.h */,
				5AB69E16121BEAF6007CDE33 /* UIDevice-Orientation.m */,
				5AB69E17121BEAF6007CDE33 /* UIDevice-Reachability.h */,
				5AB69E18121BEAF6007CDE33 /* UIDevice-Reachability.m */,
			);
			name = "UIDevice extension";
			sourceTree = "<group>";
		};
		5AB69E1D121BEB3C007CDE33 /* Apple Sample Code */ = {
			isa = PBXGroup;
			children = (
				5AB69E1E121BEB3C007CDE33 /* wwanconnect.c */,
				5AB69E1F121BEB3C007CDE33 /* wwanconnect.h */,
			);
			name = "Apple Sample Code";
			path = "uidevice-extension/Apple Sample Code";
			sourceTree = "<group>";
		};
/* End PBXGroup section */

/* Begin PBXNativeTarget section */
		1D6058900D05DD3D006BFB54 /* UIDevice-extension */ = {
			isa = PBXNativeTarget;
			buildConfigurationList = 1D6058960D05DD3E006BFB54 /* Build configuration list for PBXNativeTarget "UIDevice-extension" */;
			buildPhases = (
				1D60588D0D05DD3D006BFB54 /* Resources */,
				1D60588E0D05DD3D006BFB54 /* Sources */,
				1D60588F0D05DD3D006BFB54 /* Frameworks */,
			);
			buildRules = (
			);
			dependencies = (
			);
			name = "UIDevice-extension";
			productName = "UIDevice-extension";
			productReference = 1D6058910D05DD3D006BFB54 /* UIDevice-extension.app */;
			productType = "com.apple.product-type.application";
		};
/* End PBXNativeTarget section */

/* Begin PBXProject section */
		29B97313FDCFA39411CA2CEA /* Project object */ = {
			isa = PBXProject;
			buildConfigurationList = C01FCF4E08A954540054247B /* Build configuration list for PBXProject "UIDevice-extension" */;
			compatibilityVersion = "Xcode 3.1";
			hasScannedForEncodings = 1;
			mainGroup = 29B97314FDCFA39411CA2CEA /* CustomTemplate */;
			projectDirPath = "";
			projectRoot = "";
			targets = (
				1D6058900D05DD3D006BFB54 /* UIDevice-extension */,
			);
		};
/* End PBXProject section */

/* Begin PBXResourcesBuildPhase section */
		1D60588D0D05DD3D006BFB54 /* Resources */ = {
			isa = PBXResourcesBuildPhase;
			buildActionMask = 2147483647;
			files = (
				28AD733F0D9D9553002E5188 /* MainWindow.xib in Resources */,
				2899E5220DE3E06400AC0155 /* UIDevice_extensionViewController.xib in Resources */,
				5A4B71EB121D216400E12DE5 /* CapabilityListView.xib in Resources */,
			);
			runOnlyForDeploymentPostprocessing = 0;
		};
/* End PBXResourcesBuildPhase section */

/* Begin PBXSourcesBuildPhase section */
		1D60588E0D05DD3D006BFB54 /* Sources */ = {
			isa = PBXSourcesBuildPhase;
			buildActionMask = 2147483647;
			files = (
				1D60589B0D05DD56006BFB54 /* main.m in Sources */,
				1D3623260D0F684500981E51 /* UIDevice_extensionAppDelegate.m in Sources */,
				5AB69E19121BEAF6007CDE33 /* UIDevice-Hardware.m in Sources */,
				5AB69E1A121BEAF6007CDE33 /* UIDevice-IOKitExtensions.m in Sources */,
				5AB69E1B121BEAF6007CDE33 /* UIDevice-Orientation.m in Sources */,
				5AB69E1C121BEAF6007CDE33 /* UIDevice-Reachability.m in Sources */,
				5AB69E20121BEB3C007CDE33 /* wwanconnect.c in Sources */,
				5AB69E4C121BEBE4007CDE33 /* UIDevice_extensionViewController.m in Sources */,
				5A4B71EF121D218D00E12DE5 /* CapabilityListViewController.m in Sources */,
			);
			runOnlyForDeploymentPostprocessing = 0;
		};
/* End PBXSourcesBuildPhase section */

/* Begin XCBuildConfiguration section */
		1D6058940D05DD3E006BFB54 /* Debug */ = {
			isa = XCBuildConfiguration;
			buildSettings = {
				ALWAYS_SEARCH_USER_PATHS = NO;
				COPY_PHASE_STRIP = NO;
				GCC_DYNAMIC_NO_PIC = NO;
				GCC_OPTIMIZATION_LEVEL = 0;
				GCC_PRECOMPILE_PREFIX_HEADER = YES;
				GCC_PREFIX_HEADER = UIDevice_extension_Prefix.pch;
				INFOPLIST_FILE = "UIDevice_extension-Info.plist";
				PRODUCT_NAME = "UIDevice-extension";
			};
			name = Debug;
		};
		1D6058950D05DD3E006BFB54 /* Release */ = {
			isa = XCBuildConfiguration;
			buildSettings = {
				ALWAYS_SEARCH_USER_PATHS = NO;
				COPY_PHASE_STRIP = YES;
				GCC_PRECOMPILE_PREFIX_HEADER = YES;
				GCC_PREFIX_HEADER = UIDevice_extension_Prefix.pch;
				INFOPLIST_FILE = "UIDevice_extension-Info.plist";
				PRODUCT_NAME = "UIDevice-extension";
				VALIDATE_PRODUCT = YES;
			};
			name = Release;
		};
		C01FCF4F08A954540054247B /* Debug */ = {
			isa = XCBuildConfiguration;
			buildSettings = {
				ARCHS = "$(ARCHS_STANDARD_32_BIT)";
				"CODE_SIGN_IDENTITY[sdk=iphoneos*]" = "iPhone Developer";
				GCC_C_LANGUAGE_STANDARD = c99;
				GCC_WARN_ABOUT_RETURN_TYPE = YES;
				GCC_WARN_UNUSED_VARIABLE = YES;
				PREBINDING = NO;
				SDKROOT = iphoneos4.0;
			};
			name = Debug;
		};
		C01FCF5008A954540054247B /* Release */ = {
			isa = XCBuildConfiguration;
			buildSettings = {
				ARCHS = "$(ARCHS_STANDARD_32_BIT)";
				"CODE_SIGN_IDENTITY[sdk=iphoneos*]" = "iPhone Developer";
				GCC_C_LANGUAGE_STANDARD = c99;
				GCC_WARN_ABOUT_RETURN_TYPE = YES;
				GCC_WARN_UNUSED_VARIABLE = YES;
				OTHER_CFLAGS = "-DNS_BLOCK_ASSERTIONS=1";
				PREBINDING = NO;
				SDKROOT = iphoneos4.0;
			};
			name = Release;
		};
/* End XCBuildConfiguration section */

/* Begin XCConfigurationList section */
		1D6058960D05DD3E006BFB54 /* Build configuration list for PBXNativeTarget "UIDevice-extension" */ = {
			isa = XCConfigurationList;
			buildConfigurations = (
				1D6058940D05DD3E006BFB54 /* Debug */,
				1D6058950D05DD3E006BFB54 /* Release */,
			);
			defaultConfigurationIsVisible = 0;
			defaultConfigurationName = Release;
		};
		C01FCF4E08A954540054247B /* Build configuration list for PBXProject "UIDevice-extension" */ = {
			isa = XCConfigurationList;
			buildConfigurations = (
				C01FCF4F08A954540054247B /* Debug */,
				C01FCF5008A954540054247B /* Release */,
			);
			defaultConfigurationIsVisible = 0;
			defaultConfigurationName = Release;
		};
/* End XCConfigurationList section */
	};
	rootObject = 29B97313FDCFA39411CA2CEA /* Project object */;
}
