// !$*UTF8*$!
{
	archiveVersion = 1;
	classes = {
	};
	objectVersion = 45;
	objects = {

/* Begin PBXBuildFile section */
		1D3623260D0F684500981E51 /* ASIHTTPRequestAppDelegate.m in Sources */ = {isa = PBXBuildFile; fileRef = 1D3623250D0F684500981E51 /* ASIHTTPRequestAppDelegate.m */; };
		1D60589B0D05DD56006BFB54 /* main.m in Sources */ = {isa = PBXBuildFile; fileRef = 29B97316FDCFA39411CA2CEA /* main.m */; };
		1D60589F0D05DD5A006BFB54 /* Foundation.framework in Frameworks */ = {isa = PBXBuildFile; fileRef = 1D30AB110D05D00D00671497 /* Foundation.framework */; };
		1DF5F4E00D08C38300B7A737 /* UIKit.framework in Frameworks */ = {isa = PBXBuildFile; fileRef = 1DF5F4DF0D08C38300B7A737 /* UIKit.framework */; };
		288765A50DF7441C002DB57D /* CoreGraphics.framework in Frameworks */ = {isa = PBXBuildFile; fileRef = 288765A40DF7441C002DB57D /* CoreGraphics.framework */; };
		28AD733F0D9D9553002E5188 /* MainWindow.xib in Resources */ = {isa = PBXBuildFile; fileRef = 28AD733E0D9D9553002E5188 /* MainWindow.xib */; };
		5A4B6FBF121CE22500E12DE5 /* BucketListView.xib in Resources */ = {isa = PBXBuildFile; fileRef = 5A4B6FBE121CE22500E12DE5 /* BucketListView.xib */; };
		5A4B6FC2121CE23E00E12DE5 /* BucketListViewController.m in Sources */ = {isa = PBXBuildFile; fileRef = 5A4B6FC1121CE23E00E12DE5 /* BucketListViewController.m */; };
		5A4B7015121CE53F00E12DE5 /* S3Config.m in Sources */ = {isa = PBXBuildFile; fileRef = 5A4B7014121CE53F00E12DE5 /* S3Config.m */; };
		5A4B7019121CE72800E12DE5 /* libz.1.2.3.dylib in Frameworks */ = {isa = PBXBuildFile; fileRef = 5A4B7018121CE72800E12DE5 /* libz.1.2.3.dylib */; };
		5A4B701B121CE73300E12DE5 /* MobileCoreServices.framework in Frameworks */ = {isa = PBXBuildFile; fileRef = 5A4B701A121CE73300E12DE5 /* MobileCoreServices.framework */; };
		5A4B7021121CE94200E12DE5 /* CFNetwork.framework in Frameworks */ = {isa = PBXBuildFile; fileRef = 5A4B7020121CE94200E12DE5 /* CFNetwork.framework */; };
		5A4B7025121CE94C00E12DE5 /* SystemConfiguration.framework in Frameworks */ = {isa = PBXBuildFile; fileRef = 5A4B7024121CE94C00E12DE5 /* SystemConfiguration.framework */; };
		5A4B7038121CEA2300E12DE5 /* ObjectListViewController.m in Sources */ = {isa = PBXBuildFile; fileRef = 5A4B7037121CEA2300E12DE5 /* ObjectListViewController.m */; };
		5A4B703A121CEA3900E12DE5 /* ObjectListView.xib in Resources */ = {isa = PBXBuildFile; fileRef = 5A4B7039121CEA3900E12DE5 /* ObjectListView.xib */; };
		5A4B70D2121D0D0500E12DE5 /* ASIAuthenticationDialog.m in Sources */ = {isa = PBXBuildFile; fileRef = 5A4B70B2121D0D0500E12DE5 /* ASIAuthenticationDialog.m */; };
		5A4B70D3121D0D0500E12DE5 /* ASIDownloadCache.m in Sources */ = {isa = PBXBuildFile; fileRef = 5A4B70B5121D0D0500E12DE5 /* ASIDownloadCache.m */; };
		5A4B70D4121D0D0500E12DE5 /* ASIFormDataRequest.m in Sources */ = {isa = PBXBuildFile; fileRef = 5A4B70B7121D0D0500E12DE5 /* ASIFormDataRequest.m */; };
		5A4B70D5121D0D0500E12DE5 /* ASIHTTPRequest.m in Sources */ = {isa = PBXBuildFile; fileRef = 5A4B70B9121D0D0500E12DE5 /* ASIHTTPRequest.m */; };
		5A4B70D6121D0D0500E12DE5 /* ASIInputStream.m in Sources */ = {isa = PBXBuildFile; fileRef = 5A4B70BD121D0D0500E12DE5 /* ASIInputStream.m */; };
		5A4B70D7121D0D0500E12DE5 /* ASINetworkQueue.m in Sources */ = {isa = PBXBuildFile; fileRef = 5A4B70BF121D0D0500E12DE5 /* ASINetworkQueue.m */; };
		5A4B70D8121D0D0500E12DE5 /* Reachability.m in Sources */ = {isa = PBXBuildFile; fileRef = 5A4B70C4121D0D0500E12DE5 /* Reachability.m */; };
		5A4B70D9121D0D0500E12DE5 /* ASIS3Bucket.m in Sources */ = {isa = PBXBuildFile; fileRef = 5A4B70C7121D0D0500E12DE5 /* ASIS3Bucket.m */; };
		5A4B70DA121D0D0500E12DE5 /* ASIS3BucketObject.m in Sources */ = {isa = PBXBuildFile; fileRef = 5A4B70C9121D0D0500E12DE5 /* ASIS3BucketObject.m */; };
		5A4B70DB121D0D0500E12DE5 /* ASIS3BucketRequest.m in Sources */ = {isa = PBXBuildFile; fileRef = 5A4B70CB121D0D0500E12DE5 /* ASIS3BucketRequest.m */; };
		5A4B70DC121D0D0500E12DE5 /* ASIS3ObjectRequest.m in Sources */ = {isa = PBXBuildFile; fileRef = 5A4B70CD121D0D0500E12DE5 /* ASIS3ObjectRequest.m */; };
		5A4B70DD121D0D0500E12DE5 /* ASIS3Request.m in Sources */ = {isa = PBXBuildFile; fileRef = 5A4B70CF121D0D0500E12DE5 /* ASIS3Request.m */; };
		5A4B70DE121D0D0500E12DE5 /* ASIS3ServiceRequest.m in Sources */ = {isa = PBXBuildFile; fileRef = 5A4B70D1121D0D0500E12DE5 /* ASIS3ServiceRequest.m */; };
/* End PBXBuildFile section */

/* Begin PBXFileReference section */
		1D30AB110D05D00D00671497 /* Foundation.framework */ = {isa = PBXFileReference; lastKnownFileType = wrapper.framework; name = Foundation.framework; path = System/Library/Frameworks/Foundation.framework; sourceTree = SDKROOT; };
		1D3623240D0F684500981E51 /* ASIHTTPRequestAppDelegate.h */ = {isa = PBXFileReference; fileEncoding = 4; lastKnownFileType = sourcecode.c.h; path = ASIHTTPRequestAppDelegate.h; sourceTree = "<group>"; };
		1D3623250D0F684500981E51 /* ASIHTTPRequestAppDelegate.m */ = {isa = PBXFileReference; fileEncoding = 4; lastKnownFileType = sourcecode.c.objc; path = ASIHTTPRequestAppDelegate.m; sourceTree = "<group>"; };
		1D6058910D05DD3D006BFB54 /* ASIHTTPRequest.app */ = {isa = PBXFileReference; explicitFileType = wrapper.application; includeInIndex = 0; path = ASIHTTPRequest.app; sourceTree = BUILT_PRODUCTS_DIR; };
		1DF5F4DF0D08C38300B7A737 /* UIKit.framework */ = {isa = PBXFileReference; lastKnownFileType = wrapper.framework; name = UIKit.framework; path = System/Library/Frameworks/UIKit.framework; sourceTree = SDKROOT; };
		288765A40DF7441C002DB57D /* CoreGraphics.framework */ = {isa = PBXFileReference; lastKnownFileType = wrapper.framework; name = CoreGraphics.framework; path = System/Library/Frameworks/CoreGraphics.framework; sourceTree = SDKROOT; };
		28AD733E0D9D9553002E5188 /* MainWindow.xib */ = {isa = PBXFileReference; lastKnownFileType = file.xib; path = MainWindow.xib; sourceTree = "<group>"; };
		29B97316FDCFA39411CA2CEA /* main.m */ = {isa = PBXFileReference; fileEncoding = 4; lastKnownFileType = sourcecode.c.objc; path = main.m; sourceTree = "<group>"; };
		32CA4F630368D1EE00C91783 /* ASIHTTPRequest_Prefix.pch */ = {isa = PBXFileReference; fileEncoding = 4; lastKnownFileType = sourcecode.c.h; path = ASIHTTPRequest_Prefix.pch; sourceTree = "<group>"; };
		5A4B6FBE121CE22500E12DE5 /* BucketListView.xib */ = {isa = PBXFileReference; lastKnownFileType = file.xib; path = BucketListView.xib; sourceTree = "<group>"; };
		5A4B6FC0121CE23E00E12DE5 /* BucketListViewController.h */ = {isa = PBXFileReference; fileEncoding = 4; lastKnownFileType = sourcecode.c.h; path = BucketListViewController.h; sourceTree = "<group>"; };
		5A4B6FC1121CE23E00E12DE5 /* BucketListViewController.m */ = {isa = PBXFileReference; fileEncoding = 4; lastKnownFileType = sourcecode.c.objc; path = BucketListViewController.m; sourceTree = "<group>"; };
		5A4B7013121CE53F00E12DE5 /* S3Config.h */ = {isa = PBXFileReference; fileEncoding = 4; lastKnownFileType = sourcecode.c.h; path = S3Config.h; sourceTree = "<group>"; };
		5A4B7014121CE53F00E12DE5 /* S3Config.m */ = {isa = PBXFileReference; fileEncoding = 4; lastKnownFileType = sourcecode.c.objc; path = S3Config.m; sourceTree = "<group>"; };
		5A4B7018121CE72800E12DE5 /* libz.1.2.3.dylib */ = {isa = PBXFileReference; lastKnownFileType = "compiled.mach-o.dylib"; name = libz.1.2.3.dylib; path = usr/lib/libz.1.2.3.dylib; sourceTree = SDKROOT; };
		5A4B701A121CE73300E12DE5 /* MobileCoreServices.framework */ = {isa = PBXFileReference; lastKnownFileType = wrapper.framework; name = MobileCoreServices.framework; path = System/Library/Frameworks/MobileCoreServices.framework; sourceTree = SDKROOT; };
		5A4B7020121CE94200E12DE5 /* CFNetwork.framework */ = {isa = PBXFileReference; lastKnownFileType = wrapper.framework; name = CFNetwork.framework; path = System/Library/Frameworks/CFNetwork.framework; sourceTree = SDKROOT; };
		5A4B7024121CE94C00E12DE5 /* SystemConfiguration.framework */ = {isa = PBXFileReference; lastKnownFileType = wrapper.framework; name = SystemConfiguration.framework; path = System/Library/Frameworks/SystemConfiguration.framework; sourceTree = SDKROOT; };
		5A4B7036121CEA2300E12DE5 /* ObjectListViewController.h */ = {isa = PBXFileReference; fileEncoding = 4; lastKnownFileType = sourcecode.c.h; path = ObjectListViewController.h; sourceTree = "<group>"; };
		5A4B7037121CEA2300E12DE5 /* ObjectListViewController.m */ = {isa = PBXFileReference; fileEncoding = 4; lastKnownFileType = sourcecode.c.objc; path = ObjectListViewController.m; sourceTree = "<group>"; };
		5A4B7039121CEA3900E12DE5 /* ObjectListView.xib */ = {isa = PBXFileReference; lastKnownFileType = file.xib; path = ObjectListView.xib; sourceTree = "<group>"; };
		5A4B70B1121D0D0500E12DE5 /* ASIAuthenticationDialog.h */ = {isa = PBXFileReference; fileEncoding = 4; lastKnownFileType = sourcecode.c.h; path = ASIAuthenticationDialog.h; sourceTree = "<group>"; };
		5A4B70B2121D0D0500E12DE5 /* ASIAuthenticationDialog.m */ = {isa = PBXFileReference; fileEncoding = 4; lastKnownFileType = sourcecode.c.objc; path = ASIAuthenticationDialog.m; sourceTree = "<group>"; };
		5A4B70B3121D0D0500E12DE5 /* ASICacheDelegate.h */ = {isa = PBXFileReference; fileEncoding = 4; lastKnownFileType = sourcecode.c.h; path = ASICacheDelegate.h; sourceTree = "<group>"; };
		5A4B70B4121D0D0500E12DE5 /* ASIDownloadCache.h */ = {isa = PBXFileReference; fileEncoding = 4; lastKnownFileType = sourcecode.c.h; path = ASIDownloadCache.h; sourceTree = "<group>"; };
		5A4B70B5121D0D0500E12DE5 /* ASIDownloadCache.m */ = {isa = PBXFileReference; fileEncoding = 4; lastKnownFileType = sourcecode.c.objc; path = ASIDownloadCache.m; sourceTree = "<group>"; };
		5A4B70B6121D0D0500E12DE5 /* ASIFormDataRequest.h */ = {isa = PBXFileReference; fileEncoding = 4; lastKnownFileType = sourcecode.c.h; path = ASIFormDataRequest.h; sourceTree = "<group>"; };
		5A4B70B7121D0D0500E12DE5 /* ASIFormDataRequest.m */ = {isa = PBXFileReference; fileEncoding = 4; lastKnownFileType = sourcecode.c.objc; path = ASIFormDataRequest.m; sourceTree = "<group>"; };
		5A4B70B8121D0D0500E12DE5 /* ASIHTTPRequest.h */ = {isa = PBXFileReference; fileEncoding = 4; lastKnownFileType = sourcecode.c.h; path = ASIHTTPRequest.h; sourceTree = "<group>"; };
		5A4B70B9121D0D0500E12DE5 /* ASIHTTPRequest.m */ = {isa = PBXFileReference; fileEncoding = 4; lastKnownFileType = sourcecode.c.objc; path = ASIHTTPRequest.m; sourceTree = "<group>"; };
		5A4B70BA121D0D0500E12DE5 /* ASIHTTPRequestConfig.h */ = {isa = PBXFileReference; fileEncoding = 4; lastKnownFileType = sourcecode.c.h; path = ASIHTTPRequestConfig.h; sourceTree = "<group>"; };
		5A4B70BB121D0D0500E12DE5 /* ASIHTTPRequestDelegate.h */ = {isa = PBXFileReference; fileEncoding = 4; lastKnownFileType = sourcecode.c.h; path = ASIHTTPRequestDelegate.h; sourceTree = "<group>"; };
		5A4B70BC121D0D0500E12DE5 /* ASIInputStream.h */ = {isa = PBXFileReference; fileEncoding = 4; lastKnownFileType = sourcecode.c.h; path = ASIInputStream.h; sourceTree = "<group>"; };
		5A4B70BD121D0D0500E12DE5 /* ASIInputStream.m */ = {isa = PBXFileReference; fileEncoding = 4; lastKnownFileType = sourcecode.c.objc; path = ASIInputStream.m; sourceTree = "<group>"; };
		5A4B70BE121D0D0500E12DE5 /* ASINetworkQueue.h */ = {isa = PBXFileReference; fileEncoding = 4; lastKnownFileType = sourcecode.c.h; path = ASINetworkQueue.h; sourceTree = "<group>"; };
		5A4B70BF121D0D0500E12DE5 /* ASINetworkQueue.m */ = {isa = PBXFileReference; fileEncoding = 4; lastKnownFileType = sourcecode.c.objc; path = ASINetworkQueue.m; sourceTree = "<group>"; };
		5A4B70C0121D0D0500E12DE5 /* ASINSXMLParserCompat.h */ = {isa = PBXFileReference; fileEncoding = 4; lastKnownFileType = sourcecode.c.h; path = ASINSXMLParserCompat.h; sourceTree = "<group>"; };
		5A4B70C1121D0D0500E12DE5 /* ASIProgressDelegate.h */ = {isa = PBXFileReference; fileEncoding = 4; lastKnownFileType = sourcecode.c.h; path = ASIProgressDelegate.h; sourceTree = "<group>"; };
		5A4B70C3121D0D0500E12DE5 /* Reachability.h */ = {isa = PBXFileReference; fileEncoding = 4; lastKnownFileType = sourcecode.c.h; path = Reachability.h; sourceTree = "<group>"; };
		5A4B70C4121D0D0500E12DE5 /* Reachability.m */ = {isa = PBXFileReference; fileEncoding = 4; lastKnownFileType = sourcecode.c.objc; path = Reachability.m; sourceTree = "<group>"; };
		5A4B70C6121D0D0500E12DE5 /* ASIS3Bucket.h */ = {isa = PBXFileReference; fileEncoding = 4; lastKnownFileType = sourcecode.c.h; path = ASIS3Bucket.h; sourceTree = "<group>"; };
		5A4B70C7121D0D0500E12DE5 /* ASIS3Bucket.m */ = {isa = PBXFileReference; fileEncoding = 4; lastKnownFileType = sourcecode.c.objc; path = ASIS3Bucket.m; sourceTree = "<group>"; };
		5A4B70C8121D0D0500E12DE5 /* ASIS3BucketObject.h */ = {isa = PBXFileReference; fileEncoding = 4; lastKnownFileType = sourcecode.c.h; path = ASIS3BucketObject.h; sourceTree = "<group>"; };
		5A4B70C9121D0D0500E12DE5 /* ASIS3BucketObject.m */ = {isa = PBXFileReference; fileEncoding = 4; lastKnownFileType = sourcecode.c.objc; path = ASIS3BucketObject.m; sourceTree = "<group>"; };
		5A4B70CA121D0D0500E12DE5 /* ASIS3BucketRequest.h */ = {isa = PBXFileReference; fileEncoding = 4; lastKnownFileType = sourcecode.c.h; path = ASIS3BucketRequest.h; sourceTree = "<group>"; };
		5A4B70CB121D0D0500E12DE5 /* ASIS3BucketRequest.m */ = {isa = PBXFileReference; fileEncoding = 4; lastKnownFileType = sourcecode.c.objc; path = ASIS3BucketRequest.m; sourceTree = "<group>"; };
		5A4B70CC121D0D0500E12DE5 /* ASIS3ObjectRequest.h */ = {isa = PBXFileReference; fileEncoding = 4; lastKnownFileType = sourcecode.c.h; path = ASIS3ObjectRequest.h; sourceTree = "<group>"; };
		5A4B70CD121D0D0500E12DE5 /* ASIS3ObjectRequest.m */ = {isa = PBXFileReference; fileEncoding = 4; lastKnownFileType = sourcecode.c.objc; path = ASIS3ObjectRequest.m; sourceTree = "<group>"; };
		5A4B70CE121D0D0500E12DE5 /* ASIS3Request.h */ = {isa = PBXFileReference; fileEncoding = 4; lastKnownFileType = sourcecode.c.h; path = ASIS3Request.h; sourceTree = "<group>"; };
		5A4B70CF121D0D0500E12DE5 /* ASIS3Request.m */ = {isa = PBXFileReference; fileEncoding = 4; lastKnownFileType = sourcecode.c.objc; path = ASIS3Request.m; sourceTree = "<group>"; };
		5A4B70D0121D0D0500E12DE5 /* ASIS3ServiceRequest.h */ = {isa = PBXFileReference; fileEncoding = 4; lastKnownFileType = sourcecode.c.h; path = ASIS3ServiceRequest.h; sourceTree = "<group>"; };
		5A4B70D1121D0D0500E12DE5 /* ASIS3ServiceRequest.m */ = {isa = PBXFileReference; fileEncoding = 4; lastKnownFileType = sourcecode.c.objc; path = ASIS3ServiceRequest.m; sourceTree = "<group>"; };
		8D1107310486CEB800E47090 /* ASIHTTPRequest-Info.plist */ = {isa = PBXFileReference; fileEncoding = 4; lastKnownFileType = text.plist.xml; path = "ASIHTTPRequest-Info.plist"; plistStructureDefinitionIdentifier = "com.apple.xcode.plist.structure-definition.iphone.info-plist"; sourceTree = "<group>"; };
/* End PBXFileReference section */

/* Begin PBXFrameworksBuildPhase section */
		1D60588F0D05DD3D006BFB54 /* Frameworks */ = {
			isa = PBXFrameworksBuildPhase;
			buildActionMask = 2147483647;
			files = (
				1D60589F0D05DD5A006BFB54 /* Foundation.framework in Frameworks */,
				1DF5F4E00D08C38300B7A737 /* UIKit.framework in Frameworks */,
				288765A50DF7441C002DB57D /* CoreGraphics.framework in Frameworks */,
				5A4B7019121CE72800E12DE5 /* libz.1.2.3.dylib in Frameworks */,
				5A4B701B121CE73300E12DE5 /* MobileCoreServices.framework in Frameworks */,
				5A4B7021121CE94200E12DE5 /* CFNetwork.framework in Frameworks */,
				5A4B7025121CE94C00E12DE5 /* SystemConfiguration.framework in Frameworks */,
			);
			runOnlyForDeploymentPostprocessing = 0;
		};
/* End PBXFrameworksBuildPhase section */

/* Begin PBXGroup section */
		080E96DDFE201D6D7F000001 /* Classes */ = {
			isa = PBXGroup;
			children = (
				5A4B70B0121D0D0500E12DE5 /* ASIHTTPRequest */,
				1D3623240D0F684500981E51 /* ASIHTTPRequestAppDelegate.h */,
				1D3623250D0F684500981E51 /* ASIHTTPRequestAppDelegate.m */,
				5A4B7013121CE53F00E12DE5 /* S3Config.h */,
				5A4B7014121CE53F00E12DE5 /* S3Config.m */,
				5A4B6FC0121CE23E00E12DE5 /* BucketListViewController.h */,
				5A4B6FC1121CE23E00E12DE5 /* BucketListViewController.m */,
				5A4B7036121CEA2300E12DE5 /* ObjectListViewController.h */,
				5A4B7037121CEA2300E12DE5 /* ObjectListViewController.m */,
			);
			path = Classes;
			sourceTree = "<group>";
		};
		19C28FACFE9D520D11CA2CBB /* Products */ = {
			isa = PBXGroup;
			children = (
				1D6058910D05DD3D006BFB54 /* ASIHTTPRequest.app */,
			);
			name = Products;
			sourceTree = "<group>";
		};
		29B97314FDCFA39411CA2CEA /* CustomTemplate */ = {
			isa = PBXGroup;
			children = (
				080E96DDFE201D6D7F000001 /* Classes */,
				29B97315FDCFA39411CA2CEA /* Other Sources */,
				29B97317FDCFA39411CA2CEA /* Resources */,
				29B97323FDCFA39411CA2CEA /* Frameworks */,
				19C28FACFE9D520D11CA2CBB /* Products */,
			);
			name = CustomTemplate;
			sourceTree = "<group>";
		};
		29B97315FDCFA39411CA2CEA /* Other Sources */ = {
			isa = PBXGroup;
			children = (
				32CA4F630368D1EE00C91783 /* ASIHTTPRequest_Prefix.pch */,
				29B97316FDCFA39411CA2CEA /* main.m */,
			);
			name = "Other Sources";
			sourceTree = "<group>";
		};
		29B97317FDCFA39411CA2CEA /* Resources */ = {
			isa = PBXGroup;
			children = (
				28AD733E0D9D9553002E5188 /* MainWindow.xib */,
				8D1107310486CEB800E47090 /* ASIHTTPRequest-Info.plist */,
				5A4B6FBE121CE22500E12DE5 /* BucketListView.xib */,
				5A4B7039121CEA3900E12DE5 /* ObjectListView.xib */,
			);
			name = Resources;
			sourceTree = "<group>";
		};
		29B97323FDCFA39411CA2CEA /* Frameworks */ = {
			isa = PBXGroup;
			children = (
				1DF5F4DF0D08C38300B7A737 /* UIKit.framework */,
				1D30AB110D05D00D00671497 /* Foundation.framework */,
				288765A40DF7441C002DB57D /* CoreGraphics.framework */,
				5A4B7018121CE72800E12DE5 /* libz.1.2.3.dylib */,
				5A4B7024121CE94C00E12DE5 /* SystemConfiguration.framework */,
				5A4B7020121CE94200E12DE5 /* CFNetwork.framework */,
				5A4B701A121CE73300E12DE5 /* MobileCoreServices.framework */,
			);
			name = Frameworks;
			sourceTree = "<group>";
		};
		5A4B70B0121D0D0500E12DE5 /* ASIHTTPRequest */ = {
			isa = PBXGroup;
			children = (
				5A4B70B1121D0D0500E12DE5 /* ASIAuthenticationDialog.h */,
				5A4B70B2121D0D0500E12DE5 /* ASIAuthenticationDialog.m */,
				5A4B70B3121D0D0500E12DE5 /* ASICacheDelegate.h */,
				5A4B70B4121D0D0500E12DE5 /* ASIDownloadCache.h */,
				5A4B70B5121D0D0500E12DE5 /* ASIDownloadCache.m */,
				5A4B70B6121D0D0500E12DE5 /* ASIFormDataRequest.h */,
				5A4B70B7121D0D0500E12DE5 /* ASIFormDataRequest.m */,
				5A4B70B8121D0D0500E12DE5 /* ASIHTTPRequest.h */,
				5A4B70B9121D0D0500E12DE5 /* ASIHTTPRequest.m */,
				5A4B70BA121D0D0500E12DE5 /* ASIHTTPRequestConfig.h */,
				5A4B70BB121D0D0500E12DE5 /* ASIHTTPRequestDelegate.h */,
				5A4B70BC121D0D0500E12DE5 /* ASIInputStream.h */,
				5A4B70BD121D0D0500E12DE5 /* ASIInputStream.m */,
				5A4B70BE121D0D0500E12DE5 /* ASINetworkQueue.h */,
				5A4B70BF121D0D0500E12DE5 /* ASINetworkQueue.m */,
				5A4B70C0121D0D0500E12DE5 /* ASINSXMLParserCompat.h */,
				5A4B70C1121D0D0500E12DE5 /* ASIProgressDelegate.h */,
				5A4B70C2121D0D0500E12DE5 /* Reachability */,
				5A4B70C5121D0D0500E12DE5 /* S3 */,
			);
			path = ASIHTTPRequest;
			sourceTree = "<group>";
		};
		5A4B70C2121D0D0500E12DE5 /* Reachability */ = {
			isa = PBXGroup;
			children = (
				5A4B70C3121D0D0500E12DE5 /* Reachability.h */,
				5A4B70C4121D0D0500E12DE5 /* Reachability.m */,
			);
			path = Reachability;
			sourceTree = "<group>";
		};
		5A4B70C5121D0D0500E12DE5 /* S3 */ = {
			isa = PBXGroup;
			children = (
				5A4B70C6121D0D0500E12DE5 /* ASIS3Bucket.h */,
				5A4B70C7121D0D0500E12DE5 /* ASIS3Bucket.m */,
				5A4B70C8121D0D0500E12DE5 /* ASIS3BucketObject.h */,
				5A4B70C9121D0D0500E12DE5 /* ASIS3BucketObject.m */,
				5A4B70CA121D0D0500E12DE5 /* ASIS3BucketRequest.h */,
				5A4B70CB121D0D0500E12DE5 /* ASIS3BucketRequest.m */,
				5A4B70CC121D0D0500E12DE5 /* ASIS3ObjectRequest.h */,
				5A4B70CD121D0D0500E12DE5 /* ASIS3ObjectRequest.m */,
				5A4B70CE121D0D0500E12DE5 /* ASIS3Request.h */,
				5A4B70CF121D0D0500E12DE5 /* ASIS3Request.m */,
				5A4B70D0121D0D0500E12DE5 /* ASIS3ServiceRequest.h */,
				5A4B70D1121D0D0500E12DE5 /* ASIS3ServiceRequest.m */,
			);
			path = S3;
			sourceTree = "<group>";
		};
/* End PBXGroup section */

/* Begin PBXNativeTarget section */
		1D6058900D05DD3D006BFB54 /* ASIHTTPRequest */ = {
			isa = PBXNativeTarget;
			buildConfigurationList = 1D6058960D05DD3E006BFB54 /* Build configuration list for PBXNativeTarget "ASIHTTPRequest" */;
			buildPhases = (
				1D60588D0D05DD3D006BFB54 /* Resources */,
				1D60588E0D05DD3D006BFB54 /* Sources */,
				1D60588F0D05DD3D006BFB54 /* Frameworks */,
			);
			buildRules = (
			);
			dependencies = (
			);
			name = ASIHTTPRequest;
			productName = ASIHTTPRequest;
			productReference = 1D6058910D05DD3D006BFB54 /* ASIHTTPRequest.app */;
			productType = "com.apple.product-type.application";
		};
/* End PBXNativeTarget section */

/* Begin PBXProject section */
		29B97313FDCFA39411CA2CEA /* Project object */ = {
			isa = PBXProject;
			buildConfigurationList = C01FCF4E08A954540054247B /* Build configuration list for PBXProject "ASIHTTPRequest" */;
			compatibilityVersion = "Xcode 3.1";
			hasScannedForEncodings = 1;
			mainGroup = 29B97314FDCFA39411CA2CEA /* CustomTemplate */;
			projectDirPath = "";
			projectRoot = "";
			targets = (
				1D6058900D05DD3D006BFB54 /* ASIHTTPRequest */,
			);
		};
/* End PBXProject section */

/* Begin PBXResourcesBuildPhase section */
		1D60588D0D05DD3D006BFB54 /* Resources */ = {
			isa = PBXResourcesBuildPhase;
			buildActionMask = 2147483647;
			files = (
				28AD733F0D9D9553002E5188 /* MainWindow.xib in Resources */,
				5A4B6FBF121CE22500E12DE5 /* BucketListView.xib in Resources */,
				5A4B703A121CEA3900E12DE5 /* ObjectListView.xib in Resources */,
			);
			runOnlyForDeploymentPostprocessing = 0;
		};
/* End PBXResourcesBuildPhase section */

/* Begin PBXSourcesBuildPhase section */
		1D60588E0D05DD3D006BFB54 /* Sources */ = {
			isa = PBXSourcesBuildPhase;
			buildActionMask = 2147483647;
			files = (
				1D60589B0D05DD56006BFB54 /* main.m in Sources */,
				1D3623260D0F684500981E51 /* ASIHTTPRequestAppDelegate.m in Sources */,
				5A4B6FC2121CE23E00E12DE5 /* BucketListViewController.m in Sources */,
				5A4B7015121CE53F00E12DE5 /* S3Config.m in Sources */,
				5A4B7038121CEA2300E12DE5 /* ObjectListViewController.m in Sources */,
				5A4B70D2121D0D0500E12DE5 /* ASIAuthenticationDialog.m in Sources */,
				5A4B70D3121D0D0500E12DE5 /* ASIDownloadCache.m in Sources */,
				5A4B70D4121D0D0500E12DE5 /* ASIFormDataRequest.m in Sources */,
				5A4B70D5121D0D0500E12DE5 /* ASIHTTPRequest.m in Sources */,
				5A4B70D6121D0D0500E12DE5 /* ASIInputStream.m in Sources */,
				5A4B70D7121D0D0500E12DE5 /* ASINetworkQueue.m in Sources */,
				5A4B70D8121D0D0500E12DE5 /* Reachability.m in Sources */,
				5A4B70D9121D0D0500E12DE5 /* ASIS3Bucket.m in Sources */,
				5A4B70DA121D0D0500E12DE5 /* ASIS3BucketObject.m in Sources */,
				5A4B70DB121D0D0500E12DE5 /* ASIS3BucketRequest.m in Sources */,
				5A4B70DC121D0D0500E12DE5 /* ASIS3ObjectRequest.m in Sources */,
				5A4B70DD121D0D0500E12DE5 /* ASIS3Request.m in Sources */,
				5A4B70DE121D0D0500E12DE5 /* ASIS3ServiceRequest.m in Sources */,
			);
			runOnlyForDeploymentPostprocessing = 0;
		};
/* End PBXSourcesBuildPhase section */

/* Begin XCBuildConfiguration section */
		1D6058940D05DD3E006BFB54 /* Debug */ = {
			isa = XCBuildConfiguration;
			buildSettings = {
				ALWAYS_SEARCH_USER_PATHS = NO;
				COPY_PHASE_STRIP = NO;
				GCC_DYNAMIC_NO_PIC = NO;
				GCC_OPTIMIZATION_LEVEL = 0;
				GCC_PRECOMPILE_PREFIX_HEADER = YES;
				GCC_PREFIX_HEADER = ASIHTTPRequest_Prefix.pch;
				INFOPLIST_FILE = "ASIHTTPRequest-Info.plist";
				PRODUCT_NAME = ASIHTTPRequest;
			};
			name = Debug;
		};
		1D6058950D05DD3E006BFB54 /* Release */ = {
			isa = XCBuildConfiguration;
			buildSettings = {
				ALWAYS_SEARCH_USER_PATHS = NO;
				COPY_PHASE_STRIP = YES;
				GCC_PRECOMPILE_PREFIX_HEADER = YES;
				GCC_PREFIX_HEADER = ASIHTTPRequest_Prefix.pch;
				INFOPLIST_FILE = "ASIHTTPRequest-Info.plist";
				PRODUCT_NAME = ASIHTTPRequest;
				VALIDATE_PRODUCT = YES;
			};
			name = Release;
		};
		C01FCF4F08A954540054247B /* Debug */ = {
			isa = XCBuildConfiguration;
			buildSettings = {
				ARCHS = "$(ARCHS_STANDARD_32_BIT)";
				"CODE_SIGN_IDENTITY[sdk=iphoneos*]" = "iPhone Developer";
				GCC_C_LANGUAGE_STANDARD = c99;
				GCC_WARN_ABOUT_RETURN_TYPE = YES;
				GCC_WARN_UNUSED_VARIABLE = YES;
				PREBINDING = NO;
				SDKROOT = iphoneos4.0;
			};
			name = Debug;
		};
		C01FCF5008A954540054247B /* Release */ = {
			isa = XCBuildConfiguration;
			buildSettings = {
				ARCHS = "$(ARCHS_STANDARD_32_BIT)";
				"CODE_SIGN_IDENTITY[sdk=iphoneos*]" = "iPhone Developer";
				GCC_C_LANGUAGE_STANDARD = c99;
				GCC_WARN_ABOUT_RETURN_TYPE = YES;
				GCC_WARN_UNUSED_VARIABLE = YES;
				OTHER_CFLAGS = "-DNS_BLOCK_ASSERTIONS=1";
				PREBINDING = NO;
				SDKROOT = iphoneos4.0;
			};
			name = Release;
		};
/* End XCBuildConfiguration section */

/* Begin XCConfigurationList section */
		1D6058960D05DD3E006BFB54 /* Build configuration list for PBXNativeTarget "ASIHTTPRequest" */ = {
			isa = XCConfigurationList;
			buildConfigurations = (
				1D6058940D05DD3E006BFB54 /* Debug */,
				1D6058950D05DD3E006BFB54 /* Release */,
			);
			defaultConfigurationIsVisible = 0;
			defaultConfigurationName = Release;
		};
		C01FCF4E08A954540054247B /* Build configuration list for PBXProject "ASIHTTPRequest" */ = {
			isa = XCConfigurationList;
			buildConfigurations = (
				C01FCF4F08A954540054247B /* Debug */,
				C01FCF5008A954540054247B /* Release */,
			);
			defaultConfigurationIsVisible = 0;
			defaultConfigurationName = Release;
		};
/* End XCConfigurationList section */
	};
	rootObject = 29B97313FDCFA39411CA2CEA /* Project object */;
}
